
Microsoft Visual Studio Solution File, Format Version 12.00
# Visual Studio Version 16
VisualStudioVersion = 16.0.30320.27
MinimumVisualStudioVersion = 10.0.40219.1
Project("{FAE04EC0-301F-11D3-BF4B-00C04F79EFBC}") = "ITransition_RockPaperScissors", "ITransition_RockPaperScissors\ITransition_RockPaperScissors.csproj", "{2598A82E-BFEA-4FBA-9C67-049DA5F50050}"
EndProject
Global
	GlobalSection(SolutionConfigurationPlatforms) = preSolution
		Debug|Any CPU = Debug|Any CPU
		Release|Any CPU = Release|Any CPU
	EndGlobalSection
	GlobalSection(ProjectConfigurationPlatforms) = postSolution
		{2598A82E-BFEA-4FBA-9C67-049DA5F50050}.Debug|Any CPU.ActiveCfg = Debug|Any CPU
		{2598A82E-BFEA-4FBA-9C67-049DA5F50050}.Debug|Any CPU.Build.0 = Debug|Any CPU
		{2598A82E-BFEA-4FBA-9C67-049DA5F50050}.Release|Any CPU.ActiveCfg = Release|Any CPU
		{2598A82E-BFEA-4FBA-9C67-049DA5F50050}.Release|Any CPU.Build.0 = Release|Any CPU
	EndGlobalSection
	GlobalSection(SolutionProperties) = preSolution
		HideSolutionNode = FALSE
	EndGlobalSection
	GlobalSection(ExtensibilityGlobals) = postSolution
		SolutionGuid = {CE9E91A2-7753-4365-93D9-CB9EB286B155}
	EndGlobalSection
EndGlobal
